
Microsoft Visual Studio Solution File, Format Version 12.00
# Visual Studio Version 16
VisualStudioVersion = 16.0.29911.84
MinimumVisualStudioVersion = 10.0.40219.1
Project("{FAE04EC0-301F-11D3-BF4B-00C04F79EFBC}") = "APBD_11", "APBD_11\APBD_11.csproj", "{16E79C3C-00C5-447E-B964-68076FD62B2A}"
EndProject
Global
	GlobalSection(SolutionConfigurationPlatforms) = preSolution
		Debug|Any CPU = Debug|Any CPU
		Release|Any CPU = Release|Any CPU
	EndGlobalSection
	GlobalSection(ProjectConfigurationPlatforms) = postSolution
		{16E79C3C-00C5-447E-B964-68076FD62B2A}.Debug|Any CPU.ActiveCfg = Debug|Any CPU
		{16E79C3C-00C5-447E-B964-68076FD62B2A}.Debug|Any CPU.Build.0 = Debug|Any CPU
		{16E79C3C-00C5-447E-B964-68076FD62B2A}.Release|Any CPU.ActiveCfg = Release|Any CPU
		{16E79C3C-00C5-447E-B964-68076FD62B2A}.Release|Any CPU.Build.0 = Release|Any CPU
	EndGlobalSection
	GlobalSection(SolutionProperties) = preSolution
		HideSolutionNode = FALSE
	EndGlobalSection
	GlobalSection(ExtensibilityGlobals) = postSolution
		SolutionGuid = {741233F1-ED9A-4B2F-8097-A1D73C825528}
	EndGlobalSection
EndGlobal
